// !$*UTF8*$!
{
	archiveVersion = 1;
	classes = {
	};
	objectVersion = 56;
	objects = {

/* Begin PBXBuildFile section */
		C8D2712929D1420B00EB0C3A /* ConsolidationVIApp.swift in Sources */ = {isa = PBXBuildFile; fileRef = C8D2712829D1420B00EB0C3A /* ConsolidationVIApp.swift */; };
		C8D2712B29D1420B00EB0C3A /* ContentView.swift in Sources */ = {isa = PBXBuildFile; fileRef = C8D2712A29D1420B00EB0C3A /* ContentView.swift */; };
		C8D2712D29D1420E00EB0C3A /* Assets.xcassets in Resources */ = {isa = PBXBuildFile; fileRef = C8D2712C29D1420E00EB0C3A /* Assets.xcassets */; };
		C8D2713029D1420E00EB0C3A /* Preview Assets.xcassets in Resources */ = {isa = PBXBuildFile; fileRef = C8D2712F29D1420E00EB0C3A /* Preview Assets.xcassets */; };
		C8D2713729D142F400EB0C3A /* ImagePicker.swift in Sources */ = {isa = PBXBuildFile; fileRef = C8D2713629D142F400EB0C3A /* ImagePicker.swift */; };
		C8D2713929D1473400EB0C3A /* FileManager-DocumentsDirectory.swift in Sources */ = {isa = PBXBuildFile; fileRef = C8D2713829D1473400EB0C3A /* FileManager-DocumentsDirectory.swift */; };
		C8D2713B29D14BCD00EB0C3A /* PhotoName.swift in Sources */ = {isa = PBXBuildFile; fileRef = C8D2713A29D14BCD00EB0C3A /* PhotoName.swift */; };
		C8D2713D29D1506700EB0C3A /* ContentView-ViewModel.swift in Sources */ = {isa = PBXBuildFile; fileRef = C8D2713C29D1506700EB0C3A /* ContentView-ViewModel.swift */; };
		C8E0FB8F29D2233B00D39B5A /* EditView.swift in Sources */ = {isa = PBXBuildFile; fileRef = C8E0FB8E29D2233B00D39B5A /* EditView.swift */; };
		C8E0FB9129D2310900D39B5A /* DetailView.swift in Sources */ = {isa = PBXBuildFile; fileRef = C8E0FB9029D2310900D39B5A /* DetailView.swift */; };
		C8E0FB9329D2588100D39B5A /* Location.swift in Sources */ = {isa = PBXBuildFile; fileRef = C8E0FB9229D2588100D39B5A /* Location.swift */; };
/* End PBXBuildFile section */

/* Begin PBXFileReference section */
		C8D2712529D1420B00EB0C3A /* ConsolidationVI.app */ = {isa = PBXFileReference; explicitFileType = wrapper.application; includeInIndex = 0; path = ConsolidationVI.app; sourceTree = BUILT_PRODUCTS_DIR; };
		C8D2712829D1420B00EB0C3A /* ConsolidationVIApp.swift */ = {isa = PBXFileReference; lastKnownFileType = sourcecode.swift; path = ConsolidationVIApp.swift; sourceTree = "<group>"; };
		C8D2712A29D1420B00EB0C3A /* ContentView.swift */ = {isa = PBXFileReference; lastKnownFileType = sourcecode.swift; path = ContentView.swift; sourceTree = "<group>"; };
		C8D2712C29D1420E00EB0C3A /* Assets.xcassets */ = {isa = PBXFileReference; lastKnownFileType = folder.assetcatalog; path = Assets.xcassets; sourceTree = "<group>"; };
		C8D2712F29D1420E00EB0C3A /* Preview Assets.xcassets */ = {isa = PBXFileReference; lastKnownFileType = folder.assetcatalog; path = "Preview Assets.xcassets"; sourceTree = "<group>"; };
		C8D2713629D142F400EB0C3A /* ImagePicker.swift */ = {isa = PBXFileReference; lastKnownFileType = sourcecode.swift; path = ImagePicker.swift; sourceTree = "<group>"; };
		C8D2713829D1473400EB0C3A /* FileManager-DocumentsDirectory.swift */ = {isa = PBXFileReference; lastKnownFileType = sourcecode.swift; path = "FileManager-DocumentsDirectory.swift"; sourceTree = "<group>"; };
		C8D2713A29D14BCD00EB0C3A /* PhotoName.swift */ = {isa = PBXFileReference; lastKnownFileType = sourcecode.swift; path = PhotoName.swift; sourceTree = "<group>"; };
		C8D2713C29D1506700EB0C3A /* ContentView-ViewModel.swift */ = {isa = PBXFileReference; lastKnownFileType = sourcecode.swift; path = "ContentView-ViewModel.swift"; sourceTree = "<group>"; };
		C8E0FB8E29D2233B00D39B5A /* EditView.swift */ = {isa = PBXFileReference; lastKnownFileType = sourcecode.swift; path = EditView.swift; sourceTree = "<group>"; };
		C8E0FB9029D2310900D39B5A /* DetailView.swift */ = {isa = PBXFileReference; lastKnownFileType = sourcecode.swift; path = DetailView.swift; sourceTree = "<group>"; };
		C8E0FB9229D2588100D39B5A /* Location.swift */ = {isa = PBXFileReference; lastKnownFileType = sourcecode.swift; path = Location.swift; sourceTree = "<group>"; };
/* End PBXFileReference section */

/* Begin PBXFrameworksBuildPhase section */
		C8D2712229D1420B00EB0C3A /* Frameworks */ = {
			isa = PBXFrameworksBuildPhase;
			buildActionMask = 2147483647;
			files = (
			);
			runOnlyForDeploymentPostprocessing = 0;
		};
/* End PBXFrameworksBuildPhase section */

/* Begin PBXGroup section */
		C8D2711C29D1420A00EB0C3A = {
			isa = PBXGroup;
			children = (
				C8D2712729D1420B00EB0C3A /* ConsolidationVI */,
				C8D2712629D1420B00EB0C3A /* Products */,
			);
			sourceTree = "<group>";
		};
		C8D2712629D1420B00EB0C3A /* Products */ = {
			isa = PBXGroup;
			children = (
				C8D2712529D1420B00EB0C3A /* ConsolidationVI.app */,
			);
			name = Products;
			sourceTree = "<group>";
		};
		C8D2712729D1420B00EB0C3A /* ConsolidationVI */ = {
			isa = PBXGroup;
			children = (
				C8D2712829D1420B00EB0C3A /* ConsolidationVIApp.swift */,
				C8D2712A29D1420B00EB0C3A /* ContentView.swift */,
				C8E0FB9229D2588100D39B5A /* Location.swift */,
				C8E0FB9029D2310900D39B5A /* DetailView.swift */,
				C8E0FB8E29D2233B00D39B5A /* EditView.swift */,
				C8D2713C29D1506700EB0C3A /* ContentView-ViewModel.swift */,
				C8D2713A29D14BCD00EB0C3A /* PhotoName.swift */,
				C8D2713829D1473400EB0C3A /* FileManager-DocumentsDirectory.swift */,
				C8D2713629D142F400EB0C3A /* ImagePicker.swift */,
				C8D2712C29D1420E00EB0C3A /* Assets.xcassets */,
				C8D2712E29D1420E00EB0C3A /* Preview Content */,
			);
			path = ConsolidationVI;
			sourceTree = "<group>";
		};
		C8D2712E29D1420E00EB0C3A /* Preview Content */ = {
			isa = PBXGroup;
			children = (
				C8D2712F29D1420E00EB0C3A /* Preview Assets.xcassets */,
			);
			path = "Preview Content";
			sourceTree = "<group>";
		};
/* End PBXGroup section */

/* Begin PBXNativeTarget section */
		C8D2712429D1420B00EB0C3A /* ConsolidationVI */ = {
			isa = PBXNativeTarget;
			buildConfigurationList = C8D2713329D1420E00EB0C3A /* Build configuration list for PBXNativeTarget "ConsolidationVI" */;
			buildPhases = (
				C8D2712129D1420B00EB0C3A /* Sources */,
				C8D2712229D1420B00EB0C3A /* Frameworks */,
				C8D2712329D1420B00EB0C3A /* Resources */,
			);
			buildRules = (
			);
			dependencies = (
			);
			name = ConsolidationVI;
			productName = ConsolidationVI;
			productReference = C8D2712529D1420B00EB0C3A /* ConsolidationVI.app */;
			productType = "com.apple.product-type.application";
		};
/* End PBXNativeTarget section */

/* Begin PBXProject section */
		C8D2711D29D1420A00EB0C3A /* Project object */ = {
			isa = PBXProject;
			attributes = {
				BuildIndependentTargetsInParallel = 1;
				LastSwiftUpdateCheck = 1420;
				LastUpgradeCheck = 1420;
				TargetAttributes = {
					C8D2712429D1420B00EB0C3A = {
						CreatedOnToolsVersion = 14.2;
					};
				};
			};
			buildConfigurationList = C8D2712029D1420A00EB0C3A /* Build configuration list for PBXProject "ConsolidationVI" */;
			compatibilityVersion = "Xcode 14.0";
			developmentRegion = en;
			hasScannedForEncodings = 0;
			knownRegions = (
				en,
				Base,
			);
			mainGroup = C8D2711C29D1420A00EB0C3A;
			productRefGroup = C8D2712629D1420B00EB0C3A /* Products */;
			projectDirPath = "";
			projectRoot = "";
			targets = (
				C8D2712429D1420B00EB0C3A /* ConsolidationVI */,
			);
		};
/* End PBXProject section */

/* Begin PBXResourcesBuildPhase section */
		C8D2712329D1420B00EB0C3A /* Resources */ = {
			isa = PBXResourcesBuildPhase;
			buildActionMask = 2147483647;
			files = (
				C8D2713029D1420E00EB0C3A /* Preview Assets.xcassets in Resources */,
				C8D2712D29D1420E00EB0C3A /* Assets.xcassets in Resources */,
			);
			runOnlyForDeploymentPostprocessing = 0;
		};
/* End PBXResourcesBuildPhase section */

/* Begin PBXSourcesBuildPhase section */
		C8D2712129D1420B00EB0C3A /* Sources */ = {
			isa = PBXSourcesBuildPhase;
			buildActionMask = 2147483647;
			files = (
				C8D2713729D142F400EB0C3A /* ImagePicker.swift in Sources */,
				C8E0FB9129D2310900D39B5A /* DetailView.swift in Sources */,
				C8D2713D29D1506700EB0C3A /* ContentView-ViewModel.swift in Sources */,
				C8D2712B29D1420B00EB0C3A /* ContentView.swift in Sources */,
				C8E0FB9329D2588100D39B5A /* Location.swift in Sources */,
				C8D2713929D1473400EB0C3A /* FileManager-DocumentsDirectory.swift in Sources */,
				C8E0FB8F29D2233B00D39B5A /* EditView.swift in Sources */,
				C8D2713B29D14BCD00EB0C3A /* PhotoName.swift in Sources */,
				C8D2712929D1420B00EB0C3A /* ConsolidationVIApp.swift in Sources */,
			);
			runOnlyForDeploymentPostprocessing = 0;
		};
/* End PBXSourcesBuildPhase section */

/* Begin XCBuildConfiguration section */
		C8D2713129D1420E00EB0C3A /* Debug */ = {
			isa = XCBuildConfiguration;
			buildSettings = {
				ALWAYS_SEARCH_USER_PATHS = NO;
				CLANG_ANALYZER_NONNULL = YES;
				CLANG_ANALYZER_NUMBER_OBJECT_CONVERSION = YES_AGGRESSIVE;
				CLANG_CXX_LANGUAGE_STANDARD = "gnu++20";
				CLANG_ENABLE_MODULES = YES;
				CLANG_ENABLE_OBJC_ARC = YES;
				CLANG_ENABLE_OBJC_WEAK = YES;
				CLANG_WARN_BLOCK_CAPTURE_AUTORELEASING = YES;
				CLANG_WARN_BOOL_CONVERSION = YES;
				CLANG_WARN_COMMA = YES;
				CLANG_WARN_CONSTANT_CONVERSION = YES;
				CLANG_WARN_DEPRECATED_OBJC_IMPLEMENTATIONS = YES;
				CLANG_WARN_DIRECT_OBJC_ISA_USAGE = YES_ERROR;
				CLANG_WARN_DOCUMENTATION_COMMENTS = YES;
				CLANG_WARN_EMPTY_BODY = YES;
				CLANG_WARN_ENUM_CONVERSION = YES;
				CLANG_WARN_INFINITE_RECURSION = YES;
				CLANG_WARN_INT_CONVERSION = YES;
				CLANG_WARN_NON_LITERAL_NULL_CONVERSION = YES;
				CLANG_WARN_OBJC_IMPLICIT_RETAIN_SELF = YES;
				CLANG_WARN_OBJC_LITERAL_CONVERSION = YES;
				CLANG_WARN_OBJC_ROOT_CLASS = YES_ERROR;
				CLANG_WARN_QUOTED_INCLUDE_IN_FRAMEWORK_HEADER = YES;
				CLANG_WARN_RANGE_LOOP_ANALYSIS = YES;
				CLANG_WARN_STRICT_PROTOTYPES = YES;
				CLANG_WARN_SUSPICIOUS_MOVE = YES;
				CLANG_WARN_UNGUARDED_AVAILABILITY = YES_AGGRESSIVE;
				CLANG_WARN_UNREACHABLE_CODE = YES;
				CLANG_WARN__DUPLICATE_METHOD_MATCH = YES;
				COPY_PHASE_STRIP = NO;
				DEBUG_INFORMATION_FORMAT = dwarf;
				ENABLE_STRICT_OBJC_MSGSEND = YES;
				ENABLE_TESTABILITY = YES;
				GCC_C_LANGUAGE_STANDARD = gnu11;
				GCC_DYNAMIC_NO_PIC = NO;
				GCC_NO_COMMON_BLOCKS = YES;
				GCC_OPTIMIZATION_LEVEL = 0;
				GCC_PREPROCESSOR_DEFINITIONS = (
					"DEBUG=1",
					"$(inherited)",
				);
				GCC_WARN_64_TO_32_BIT_CONVERSION = YES;
				GCC_WARN_ABOUT_RETURN_TYPE = YES_ERROR;
				GCC_WARN_UNDECLARED_SELECTOR = YES;
				GCC_WARN_UNINITIALIZED_AUTOS = YES_AGGRESSIVE;
				GCC_WARN_UNUSED_FUNCTION = YES;
				GCC_WARN_UNUSED_VARIABLE = YES;
				IPHONEOS_DEPLOYMENT_TARGET = 15.0;
				MTL_ENABLE_DEBUG_INFO = INCLUDE_SOURCE;
				MTL_FAST_MATH = YES;
				ONLY_ACTIVE_ARCH = YES;
				SDKROOT = iphoneos;
				SWIFT_ACTIVE_COMPILATION_CONDITIONS = DEBUG;
				SWIFT_OPTIMIZATION_LEVEL = "-Onone";
			};
			name = Debug;
		};
		C8D2713229D1420E00EB0C3A /* Release */ = {
			isa = XCBuildConfiguration;
			buildSettings = {
				ALWAYS_SEARCH_USER_PATHS = NO;
				CLANG_ANALYZER_NONNULL = YES;
				CLANG_ANALYZER_NUMBER_OBJECT_CONVERSION = YES_AGGRESSIVE;
				CLANG_CXX_LANGUAGE_STANDARD = "gnu++20";
				CLANG_ENABLE_MODULES = YES;
				CLANG_ENABLE_OBJC_ARC = YES;
				CLANG_ENABLE_OBJC_WEAK = YES;
				CLANG_WARN_BLOCK_CAPTURE_AUTORELEASING = YES;
				CLANG_WARN_BOOL_CONVERSION = YES;
				CLANG_WARN_COMMA = YES;
				CLANG_WARN_CONSTANT_CONVERSION = YES;
				CLANG_WARN_DEPRECATED_OBJC_IMPLEMENTATIONS = YES;
				CLANG_WARN_DIRECT_OBJC_ISA_USAGE = YES_ERROR;
				CLANG_WARN_DOCUMENTATION_COMMENTS = YES;
				CLANG_WARN_EMPTY_BODY = YES;
				CLANG_WARN_ENUM_CONVERSION = YES;
				CLANG_WARN_INFINITE_RECURSION = YES;
				CLANG_WARN_INT_CONVERSION = YES;
				CLANG_WARN_NON_LITERAL_NULL_CONVERSION = YES;
				CLANG_WARN_OBJC_IMPLICIT_RETAIN_SELF = YES;
				CLANG_WARN_OBJC_LITERAL_CONVERSION = YES;
				CLANG_WARN_OBJC_ROOT_CLASS = YES_ERROR;
				CLANG_WARN_QUOTED_INCLUDE_IN_FRAMEWORK_HEADER = YES;
				CLANG_WARN_RANGE_LOOP_ANALYSIS = YES;
				CLANG_WARN_STRICT_PROTOTYPES = YES;
				CLANG_WARN_SUSPICIOUS_MOVE = YES;
				CLANG_WARN_UNGUARDED_AVAILABILITY = YES_AGGRESSIVE;
				CLANG_WARN_UNREACHABLE_CODE = YES;
				CLANG_WARN__DUPLICATE_METHOD_MATCH = YES;
				COPY_PHASE_STRIP = NO;
				DEBUG_INFORMATION_FORMAT = "dwarf-with-dsym";
				ENABLE_NS_ASSERTIONS = NO;
				ENABLE_STRICT_OBJC_MSGSEND = YES;
				GCC_C_LANGUAGE_STANDARD = gnu11;
				GCC_NO_COMMON_BLOCKS = YES;
				GCC_WARN_64_TO_32_BIT_CONVERSION = YES;
				GCC_WARN_ABOUT_RETURN_TYPE = YES_ERROR;
				GCC_WARN_UNDECLARED_SELECTOR = YES;
				GCC_WARN_UNINITIALIZED_AUTOS = YES_AGGRESSIVE;
				GCC_WARN_UNUSED_FUNCTION = YES;
				GCC_WARN_UNUSED_VARIABLE = YES;
				IPHONEOS_DEPLOYMENT_TARGET = 15.0;
				MTL_ENABLE_DEBUG_INFO = NO;
				MTL_FAST_MATH = YES;
				SDKROOT = iphoneos;
				SWIFT_COMPILATION_MODE = wholemodule;
				SWIFT_OPTIMIZATION_LEVEL = "-O";
				VALIDATE_PRODUCT = YES;
			};
			name = Release;
		};
		C8D2713429D1420E00EB0C3A /* Debug */ = {
			isa = XCBuildConfiguration;
			buildSettings = {
				ASSETCATALOG_COMPILER_APPICON_NAME = AppIcon;
				ASSETCATALOG_COMPILER_GLOBAL_ACCENT_COLOR_NAME = AccentColor;
				CODE_SIGN_STYLE = Automatic;
				CURRENT_PROJECT_VERSION = 1;
				DEVELOPMENT_ASSET_PATHS = "\"ConsolidationVI/Preview Content\"";
				DEVELOPMENT_TEAM = CSWC9XBYFF;
				ENABLE_PREVIEWS = YES;
				GENERATE_INFOPLIST_FILE = YES;
				INFOPLIST_KEY_NSLocationWhenInUseUsageDescription = "App need your location to pin photo on map";
				INFOPLIST_KEY_UIApplicationSceneManifest_Generation = YES;
				INFOPLIST_KEY_UIApplicationSupportsIndirectInputEvents = YES;
				INFOPLIST_KEY_UILaunchScreen_Generation = YES;
				INFOPLIST_KEY_UISupportedInterfaceOrientations_iPad = "UIInterfaceOrientationPortrait UIInterfaceOrientationPortraitUpsideDown UIInterfaceOrientationLandscapeLeft UIInterfaceOrientationLandscapeRight";
				INFOPLIST_KEY_UISupportedInterfaceOrientations_iPhone = "UIInterfaceOrientationPortrait UIInterfaceOrientationLandscapeLeft UIInterfaceOrientationLandscapeRight";
				LD_RUNPATH_SEARCH_PATHS = (
					"$(inherited)",
					"@executable_path/Frameworks",
				);
				MARKETING_VERSION = 1.0;
				PRODUCT_BUNDLE_IDENTIFIER = com.adaltopicotti.ConsolidationVI;
				PRODUCT_NAME = "$(TARGET_NAME)";
				SWIFT_EMIT_LOC_STRINGS = YES;
				SWIFT_VERSION = 5.0;
				TARGETED_DEVICE_FAMILY = "1,2";
			};
			name = Debug;
		};
		C8D2713529D1420E00EB0C3A /* Release */ = {
			isa = XCBuildConfiguration;
			buildSettings = {
				ASSETCATALOG_COMPILER_APPICON_NAME = AppIcon;
				ASSETCATALOG_COMPILER_GLOBAL_ACCENT_COLOR_NAME = AccentColor;
				CODE_SIGN_STYLE = Automatic;
				CURRENT_PROJECT_VERSION = 1;
				DEVELOPMENT_ASSET_PATHS = "\"ConsolidationVI/Preview Content\"";
				DEVELOPMENT_TEAM = CSWC9XBYFF;
				ENABLE_PREVIEWS = YES;
				GENERATE_INFOPLIST_FILE = YES;
				INFOPLIST_KEY_NSLocationWhenInUseUsageDescription = "App need your location to pin photo on map";
				INFOPLIST_KEY_UIApplicationSceneManifest_Generation = YES;
				INFOPLIST_KEY_UIApplicationSupportsIndirectInputEvents = YES;
				INFOPLIST_KEY_UILaunchScreen_Generation = YES;
				INFOPLIST_KEY_UISupportedInterfaceOrientations_iPad = "UIInterfaceOrientationPortrait UIInterfaceOrientationPortraitUpsideDown UIInterfaceOrientationLandscapeLeft UIInterfaceOrientationLandscapeRight";
				INFOPLIST_KEY_UISupportedInterfaceOrientations_iPhone = "UIInterfaceOrientationPortrait UIInterfaceOrientationLandscapeLeft UIInterfaceOrientationLandscapeRight";
				LD_RUNPATH_SEARCH_PATHS = (
					"$(inherited)",
					"@executable_path/Frameworks",
				);
				MARKETING_VERSION = 1.0;
				PRODUCT_BUNDLE_IDENTIFIER = com.adaltopicotti.ConsolidationVI;
				PRODUCT_NAME = "$(TARGET_NAME)";
				SWIFT_EMIT_LOC_STRINGS = YES;
				SWIFT_VERSION = 5.0;
				TARGETED_DEVICE_FAMILY = "1,2";
			};
			name = Release;
		};
/* End XCBuildConfiguration section */

/* Begin XCConfigurationList section */
		C8D2712029D1420A00EB0C3A /* Build configuration list for PBXProject "ConsolidationVI" */ = {
			isa = XCConfigurationList;
			buildConfigurations = (
				C8D2713129D1420E00EB0C3A /* Debug */,
				C8D2713229D1420E00EB0C3A /* Release */,
			);
			defaultConfigurationIsVisible = 0;
			defaultConfigurationName = Release;
		};
		C8D2713329D1420E00EB0C3A /* Build configuration list for PBXNativeTarget "ConsolidationVI" */ = {
			isa = XCConfigurationList;
			buildConfigurations = (
				C8D2713429D1420E00EB0C3A /* Debug */,
				C8D2713529D1420E00EB0C3A /* Release */,
			);
			defaultConfigurationIsVisible = 0;
			defaultConfigurationName = Release;
		};
/* End XCConfigurationList section */
	};
	rootObject = C8D2711D29D1420A00EB0C3A /* Project object */;
}
