// !$*UTF8*$!
{
	archiveVersion = 1;
	classes = {
	};
	objectVersion = 56;
	objects = {

/* Begin PBXBuildFile section */
		C856F6BB29B6B19D00D1E7EF /* CoreDataProjectApp.swift in Sources */ = {isa = PBXBuildFile; fileRef = C856F6BA29B6B19D00D1E7EF /* CoreDataProjectApp.swift */; };
		C856F6BD29B6B19D00D1E7EF /* ContentView.swift in Sources */ = {isa = PBXBuildFile; fileRef = C856F6BC29B6B19D00D1E7EF /* ContentView.swift */; };
		C856F6BF29B6B19F00D1E7EF /* Assets.xcassets in Resources */ = {isa = PBXBuildFile; fileRef = C856F6BE29B6B19F00D1E7EF /* Assets.xcassets */; };
		C856F6C229B6B19F00D1E7EF /* Preview Assets.xcassets in Resources */ = {isa = PBXBuildFile; fileRef = C856F6C129B6B19F00D1E7EF /* Preview Assets.xcassets */; };
		C856F6CA29B6B25400D1E7EF /* CoreDataProject.xcdatamodeld in Sources */ = {isa = PBXBuildFile; fileRef = C856F6C829B6B25400D1E7EF /* CoreDataProject.xcdatamodeld */; };
		C856F6CC29B6B26800D1E7EF /* DataController.swift in Sources */ = {isa = PBXBuildFile; fileRef = C856F6CB29B6B26800D1E7EF /* DataController.swift */; };
		C89DAF1329B8038A0098EF2A /* Singer+CoreDataClass.swift in Sources */ = {isa = PBXBuildFile; fileRef = C89DAF1129B8038A0098EF2A /* Singer+CoreDataClass.swift */; };
		C89DAF1429B8038A0098EF2A /* Singer+CoreDataProperties.swift in Sources */ = {isa = PBXBuildFile; fileRef = C89DAF1229B8038A0098EF2A /* Singer+CoreDataProperties.swift */; };
		C89DAF1629B804BB0098EF2A /* FilteredList.swift in Sources */ = {isa = PBXBuildFile; fileRef = C89DAF1529B804BB0098EF2A /* FilteredList.swift */; };
		C89DAF1B29B80AE60098EF2A /* Candy+CoreDataClass.swift in Sources */ = {isa = PBXBuildFile; fileRef = C89DAF1729B80AE60098EF2A /* Candy+CoreDataClass.swift */; };
		C89DAF1C29B80AE60098EF2A /* Candy+CoreDataProperties.swift in Sources */ = {isa = PBXBuildFile; fileRef = C89DAF1829B80AE60098EF2A /* Candy+CoreDataProperties.swift */; };
		C89DAF1D29B80AE60098EF2A /* Country+CoreDataClass.swift in Sources */ = {isa = PBXBuildFile; fileRef = C89DAF1929B80AE60098EF2A /* Country+CoreDataClass.swift */; };
		C89DAF1E29B80AE60098EF2A /* Country+CoreDataProperties.swift in Sources */ = {isa = PBXBuildFile; fileRef = C89DAF1A29B80AE60098EF2A /* Country+CoreDataProperties.swift */; };
/* End PBXBuildFile section */

/* Begin PBXFileReference section */
		C856F6B729B6B19D00D1E7EF /* CoreDataProject.app */ = {isa = PBXFileReference; explicitFileType = wrapper.application; includeInIndex = 0; path = CoreDataProject.app; sourceTree = BUILT_PRODUCTS_DIR; };
		C856F6BA29B6B19D00D1E7EF /* CoreDataProjectApp.swift */ = {isa = PBXFileReference; lastKnownFileType = sourcecode.swift; path = CoreDataProjectApp.swift; sourceTree = "<group>"; };
		C856F6BC29B6B19D00D1E7EF /* ContentView.swift */ = {isa = PBXFileReference; lastKnownFileType = sourcecode.swift; path = ContentView.swift; sourceTree = "<group>"; };
		C856F6BE29B6B19F00D1E7EF /* Assets.xcassets */ = {isa = PBXFileReference; lastKnownFileType = folder.assetcatalog; path = Assets.xcassets; sourceTree = "<group>"; };
		C856F6C129B6B19F00D1E7EF /* Preview Assets.xcassets */ = {isa = PBXFileReference; lastKnownFileType = folder.assetcatalog; path = "Preview Assets.xcassets"; sourceTree = "<group>"; };
		C856F6C929B6B25400D1E7EF /* CoreDataProject.xcdatamodel */ = {isa = PBXFileReference; lastKnownFileType = wrapper.xcdatamodel; path = CoreDataProject.xcdatamodel; sourceTree = "<group>"; };
		C856F6CB29B6B26800D1E7EF /* DataController.swift */ = {isa = PBXFileReference; lastKnownFileType = sourcecode.swift; path = DataController.swift; sourceTree = "<group>"; };
		C89DAF1129B8038A0098EF2A /* Singer+CoreDataClass.swift */ = {isa = PBXFileReference; lastKnownFileType = sourcecode.swift; name = "Singer+CoreDataClass.swift"; path = "CoreDataProject/Singer+CoreDataClass.swift"; sourceTree = "<group>"; };
		C89DAF1229B8038A0098EF2A /* Singer+CoreDataProperties.swift */ = {isa = PBXFileReference; lastKnownFileType = sourcecode.swift; name = "Singer+CoreDataProperties.swift"; path = "CoreDataProject/Singer+CoreDataProperties.swift"; sourceTree = "<group>"; };
		C89DAF1529B804BB0098EF2A /* FilteredList.swift */ = {isa = PBXFileReference; lastKnownFileType = sourcecode.swift; path = FilteredList.swift; sourceTree = "<group>"; };
		C89DAF1729B80AE60098EF2A /* Candy+CoreDataClass.swift */ = {isa = PBXFileReference; lastKnownFileType = sourcecode.swift; name = "Candy+CoreDataClass.swift"; path = "CoreDataProject/Candy+CoreDataClass.swift"; sourceTree = "<group>"; };
		C89DAF1829B80AE60098EF2A /* Candy+CoreDataProperties.swift */ = {isa = PBXFileReference; lastKnownFileType = sourcecode.swift; name = "Candy+CoreDataProperties.swift"; path = "CoreDataProject/Candy+CoreDataProperties.swift"; sourceTree = "<group>"; };
		C89DAF1929B80AE60098EF2A /* Country+CoreDataClass.swift */ = {isa = PBXFileReference; lastKnownFileType = sourcecode.swift; name = "Country+CoreDataClass.swift"; path = "CoreDataProject/Country+CoreDataClass.swift"; sourceTree = "<group>"; };
		C89DAF1A29B80AE60098EF2A /* Country+CoreDataProperties.swift */ = {isa = PBXFileReference; lastKnownFileType = sourcecode.swift; name = "Country+CoreDataProperties.swift"; path = "CoreDataProject/Country+CoreDataProperties.swift"; sourceTree = "<group>"; };
/* End PBXFileReference section */

/* Begin PBXFrameworksBuildPhase section */
		C856F6B429B6B19C00D1E7EF /* Frameworks */ = {
			isa = PBXFrameworksBuildPhase;
			buildActionMask = 2147483647;
			files = (
			);
			runOnlyForDeploymentPostprocessing = 0;
		};
/* End PBXFrameworksBuildPhase section */

/* Begin PBXGroup section */
		C856F6AE29B6B19C00D1E7EF = {
			isa = PBXGroup;
			children = (
				C89DAF1729B80AE60098EF2A /* Candy+CoreDataClass.swift */,
				C89DAF1829B80AE60098EF2A /* Candy+CoreDataProperties.swift */,
				C89DAF1929B80AE60098EF2A /* Country+CoreDataClass.swift */,
				C89DAF1A29B80AE60098EF2A /* Country+CoreDataProperties.swift */,
				C89DAF1529B804BB0098EF2A /* FilteredList.swift */,
				C89DAF1129B8038A0098EF2A /* Singer+CoreDataClass.swift */,
				C89DAF1229B8038A0098EF2A /* Singer+CoreDataProperties.swift */,
				C856F6B929B6B19D00D1E7EF /* CoreDataProject */,
				C856F6B829B6B19D00D1E7EF /* Products */,
			);
			sourceTree = "<group>";
		};
		C856F6B829B6B19D00D1E7EF /* Products */ = {
			isa = PBXGroup;
			children = (
				C856F6B729B6B19D00D1E7EF /* CoreDataProject.app */,
			);
			name = Products;
			sourceTree = "<group>";
		};
		C856F6B929B6B19D00D1E7EF /* CoreDataProject */ = {
			isa = PBXGroup;
			children = (
				C856F6BA29B6B19D00D1E7EF /* CoreDataProjectApp.swift */,
				C856F6BC29B6B19D00D1E7EF /* ContentView.swift */,
				C856F6C829B6B25400D1E7EF /* CoreDataProject.xcdatamodeld */,
				C856F6CB29B6B26800D1E7EF /* DataController.swift */,
				C856F6BE29B6B19F00D1E7EF /* Assets.xcassets */,
				C856F6C029B6B19F00D1E7EF /* Preview Content */,
			);
			path = CoreDataProject;
			sourceTree = "<group>";
		};
		C856F6C029B6B19F00D1E7EF /* Preview Content */ = {
			isa = PBXGroup;
			children = (
				C856F6C129B6B19F00D1E7EF /* Preview Assets.xcassets */,
			);
			path = "Preview Content";
			sourceTree = "<group>";
		};
/* End PBXGroup section */

/* Begin PBXNativeTarget section */
		C856F6B629B6B19C00D1E7EF /* CoreDataProject */ = {
			isa = PBXNativeTarget;
			buildConfigurationList = C856F6C529B6B19F00D1E7EF /* Build configuration list for PBXNativeTarget "CoreDataProject" */;
			buildPhases = (
				C856F6B329B6B19C00D1E7EF /* Sources */,
				C856F6B429B6B19C00D1E7EF /* Frameworks */,
				C856F6B529B6B19C00D1E7EF /* Resources */,
			);
			buildRules = (
			);
			dependencies = (
			);
			name = CoreDataProject;
			productName = CoreDataProject;
			productReference = C856F6B729B6B19D00D1E7EF /* CoreDataProject.app */;
			productType = "com.apple.product-type.application";
		};
/* End PBXNativeTarget section */

/* Begin PBXProject section */
		C856F6AF29B6B19C00D1E7EF /* Project object */ = {
			isa = PBXProject;
			attributes = {
				BuildIndependentTargetsInParallel = 1;
				LastSwiftUpdateCheck = 1420;
				LastUpgradeCheck = 1420;
				TargetAttributes = {
					C856F6B629B6B19C00D1E7EF = {
						CreatedOnToolsVersion = 14.2;
					};
				};
			};
			buildConfigurationList = C856F6B229B6B19C00D1E7EF /* Build configuration list for PBXProject "CoreDataProject" */;
			compatibilityVersion = "Xcode 14.0";
			developmentRegion = en;
			hasScannedForEncodings = 0;
			knownRegions = (
				en,
				Base,
			);
			mainGroup = C856F6AE29B6B19C00D1E7EF;
			productRefGroup = C856F6B829B6B19D00D1E7EF /* Products */;
			projectDirPath = "";
			projectRoot = "";
			targets = (
				C856F6B629B6B19C00D1E7EF /* CoreDataProject */,
			);
		};
/* End PBXProject section */

/* Begin PBXResourcesBuildPhase section */
		C856F6B529B6B19C00D1E7EF /* Resources */ = {
			isa = PBXResourcesBuildPhase;
			buildActionMask = 2147483647;
			files = (
				C856F6C229B6B19F00D1E7EF /* Preview Assets.xcassets in Resources */,
				C856F6BF29B6B19F00D1E7EF /* Assets.xcassets in Resources */,
			);
			runOnlyForDeploymentPostprocessing = 0;
		};
/* End PBXResourcesBuildPhase section */

/* Begin PBXSourcesBuildPhase section */
		C856F6B329B6B19C00D1E7EF /* Sources */ = {
			isa = PBXSourcesBuildPhase;
			buildActionMask = 2147483647;
			files = (
				C856F6BD29B6B19D00D1E7EF /* ContentView.swift in Sources */,
				C89DAF1429B8038A0098EF2A /* Singer+CoreDataProperties.swift in Sources */,
				C856F6CC29B6B26800D1E7EF /* DataController.swift in Sources */,
				C89DAF1329B8038A0098EF2A /* Singer+CoreDataClass.swift in Sources */,
				C856F6BB29B6B19D00D1E7EF /* CoreDataProjectApp.swift in Sources */,
				C856F6CA29B6B25400D1E7EF /* CoreDataProject.xcdatamodeld in Sources */,
				C89DAF1E29B80AE60098EF2A /* Country+CoreDataProperties.swift in Sources */,
				C89DAF1C29B80AE60098EF2A /* Candy+CoreDataProperties.swift in Sources */,
				C89DAF1629B804BB0098EF2A /* FilteredList.swift in Sources */,
				C89DAF1D29B80AE60098EF2A /* Country+CoreDataClass.swift in Sources */,
				C89DAF1B29B80AE60098EF2A /* Candy+CoreDataClass.swift in Sources */,
			);
			runOnlyForDeploymentPostprocessing = 0;
		};
/* End PBXSourcesBuildPhase section */

/* Begin XCBuildConfiguration section */
		C856F6C329B6B19F00D1E7EF /* Debug */ = {
			isa = XCBuildConfiguration;
			buildSettings = {
				ALWAYS_SEARCH_USER_PATHS = NO;
				CLANG_ANALYZER_NONNULL = YES;
				CLANG_ANALYZER_NUMBER_OBJECT_CONVERSION = YES_AGGRESSIVE;
				CLANG_CXX_LANGUAGE_STANDARD = "gnu++20";
				CLANG_ENABLE_MODULES = YES;
				CLANG_ENABLE_OBJC_ARC = YES;
				CLANG_ENABLE_OBJC_WEAK = YES;
				CLANG_WARN_BLOCK_CAPTURE_AUTORELEASING = YES;
				CLANG_WARN_BOOL_CONVERSION = YES;
				CLANG_WARN_COMMA = YES;
				CLANG_WARN_CONSTANT_CONVERSION = YES;
				CLANG_WARN_DEPRECATED_OBJC_IMPLEMENTATIONS = YES;
				CLANG_WARN_DIRECT_OBJC_ISA_USAGE = YES_ERROR;
				CLANG_WARN_DOCUMENTATION_COMMENTS = YES;
				CLANG_WARN_EMPTY_BODY = YES;
				CLANG_WARN_ENUM_CONVERSION = YES;
				CLANG_WARN_INFINITE_RECURSION = YES;
				CLANG_WARN_INT_CONVERSION = YES;
				CLANG_WARN_NON_LITERAL_NULL_CONVERSION = YES;
				CLANG_WARN_OBJC_IMPLICIT_RETAIN_SELF = YES;
				CLANG_WARN_OBJC_LITERAL_CONVERSION = YES;
				CLANG_WARN_OBJC_ROOT_CLASS = YES_ERROR;
				CLANG_WARN_QUOTED_INCLUDE_IN_FRAMEWORK_HEADER = YES;
				CLANG_WARN_RANGE_LOOP_ANALYSIS = YES;
				CLANG_WARN_STRICT_PROTOTYPES = YES;
				CLANG_WARN_SUSPICIOUS_MOVE = YES;
				CLANG_WARN_UNGUARDED_AVAILABILITY = YES_AGGRESSIVE;
				CLANG_WARN_UNREACHABLE_CODE = YES;
				CLANG_WARN__DUPLICATE_METHOD_MATCH = YES;
				COPY_PHASE_STRIP = NO;
				DEBUG_INFORMATION_FORMAT = dwarf;
				ENABLE_STRICT_OBJC_MSGSEND = YES;
				ENABLE_TESTABILITY = YES;
				GCC_C_LANGUAGE_STANDARD = gnu11;
				GCC_DYNAMIC_NO_PIC = NO;
				GCC_NO_COMMON_BLOCKS = YES;
				GCC_OPTIMIZATION_LEVEL = 0;
				GCC_PREPROCESSOR_DEFINITIONS = (
					"DEBUG=1",
					"$(inherited)",
				);
				GCC_WARN_64_TO_32_BIT_CONVERSION = YES;
				GCC_WARN_ABOUT_RETURN_TYPE = YES_ERROR;
				GCC_WARN_UNDECLARED_SELECTOR = YES;
				GCC_WARN_UNINITIALIZED_AUTOS = YES_AGGRESSIVE;
				GCC_WARN_UNUSED_FUNCTION = YES;
				GCC_WARN_UNUSED_VARIABLE = YES;
				IPHONEOS_DEPLOYMENT_TARGET = 16.2;
				MTL_ENABLE_DEBUG_INFO = INCLUDE_SOURCE;
				MTL_FAST_MATH = YES;
				ONLY_ACTIVE_ARCH = YES;
				SDKROOT = iphoneos;
				SWIFT_ACTIVE_COMPILATION_CONDITIONS = DEBUG;
				SWIFT_OPTIMIZATION_LEVEL = "-Onone";
			};
			name = Debug;
		};
		C856F6C429B6B19F00D1E7EF /* Release */ = {
			isa = XCBuildConfiguration;
			buildSettings = {
				ALWAYS_SEARCH_USER_PATHS = NO;
				CLANG_ANALYZER_NONNULL = YES;
				CLANG_ANALYZER_NUMBER_OBJECT_CONVERSION = YES_AGGRESSIVE;
				CLANG_CXX_LANGUAGE_STANDARD = "gnu++20";
				CLANG_ENABLE_MODULES = YES;
				CLANG_ENABLE_OBJC_ARC = YES;
				CLANG_ENABLE_OBJC_WEAK = YES;
				CLANG_WARN_BLOCK_CAPTURE_AUTORELEASING = YES;
				CLANG_WARN_BOOL_CONVERSION = YES;
				CLANG_WARN_COMMA = YES;
				CLANG_WARN_CONSTANT_CONVERSION = YES;
				CLANG_WARN_DEPRECATED_OBJC_IMPLEMENTATIONS = YES;
				CLANG_WARN_DIRECT_OBJC_ISA_USAGE = YES_ERROR;
				CLANG_WARN_DOCUMENTATION_COMMENTS = YES;
				CLANG_WARN_EMPTY_BODY = YES;
				CLANG_WARN_ENUM_CONVERSION = YES;
				CLANG_WARN_INFINITE_RECURSION = YES;
				CLANG_WARN_INT_CONVERSION = YES;
				CLANG_WARN_NON_LITERAL_NULL_CONVERSION = YES;
				CLANG_WARN_OBJC_IMPLICIT_RETAIN_SELF = YES;
				CLANG_WARN_OBJC_LITERAL_CONVERSION = YES;
				CLANG_WARN_OBJC_ROOT_CLASS = YES_ERROR;
				CLANG_WARN_QUOTED_INCLUDE_IN_FRAMEWORK_HEADER = YES;
				CLANG_WARN_RANGE_LOOP_ANALYSIS = YES;
				CLANG_WARN_STRICT_PROTOTYPES = YES;
				CLANG_WARN_SUSPICIOUS_MOVE = YES;
				CLANG_WARN_UNGUARDED_AVAILABILITY = YES_AGGRESSIVE;
				CLANG_WARN_UNREACHABLE_CODE = YES;
				CLANG_WARN__DUPLICATE_METHOD_MATCH = YES;
				COPY_PHASE_STRIP = NO;
				DEBUG_INFORMATION_FORMAT = "dwarf-with-dsym";
				ENABLE_NS_ASSERTIONS = NO;
				ENABLE_STRICT_OBJC_MSGSEND = YES;
				GCC_C_LANGUAGE_STANDARD = gnu11;
				GCC_NO_COMMON_BLOCKS = YES;
				GCC_WARN_64_TO_32_BIT_CONVERSION = YES;
				GCC_WARN_ABOUT_RETURN_TYPE = YES_ERROR;
				GCC_WARN_UNDECLARED_SELECTOR = YES;
				GCC_WARN_UNINITIALIZED_AUTOS = YES_AGGRESSIVE;
				GCC_WARN_UNUSED_FUNCTION = YES;
				GCC_WARN_UNUSED_VARIABLE = YES;
				IPHONEOS_DEPLOYMENT_TARGET = 16.2;
				MTL_ENABLE_DEBUG_INFO = NO;
				MTL_FAST_MATH = YES;
				SDKROOT = iphoneos;
				SWIFT_COMPILATION_MODE = wholemodule;
				SWIFT_OPTIMIZATION_LEVEL = "-O";
				VALIDATE_PRODUCT = YES;
			};
			name = Release;
		};
		C856F6C629B6B19F00D1E7EF /* Debug */ = {
			isa = XCBuildConfiguration;
			buildSettings = {
				ASSETCATALOG_COMPILER_APPICON_NAME = AppIcon;
				ASSETCATALOG_COMPILER_GLOBAL_ACCENT_COLOR_NAME = AccentColor;
				CODE_SIGN_STYLE = Automatic;
				CURRENT_PROJECT_VERSION = 1;
				DEVELOPMENT_ASSET_PATHS = "\"CoreDataProject/Preview Content\"";
				DEVELOPMENT_TEAM = CSWC9XBYFF;
				ENABLE_PREVIEWS = YES;
				GENERATE_INFOPLIST_FILE = YES;
				INFOPLIST_KEY_UIApplicationSceneManifest_Generation = YES;
				INFOPLIST_KEY_UIApplicationSupportsIndirectInputEvents = YES;
				INFOPLIST_KEY_UILaunchScreen_Generation = YES;
				INFOPLIST_KEY_UISupportedInterfaceOrientations_iPad = "UIInterfaceOrientationPortrait UIInterfaceOrientationPortraitUpsideDown UIInterfaceOrientationLandscapeLeft UIInterfaceOrientationLandscapeRight";
				INFOPLIST_KEY_UISupportedInterfaceOrientations_iPhone = "UIInterfaceOrientationPortrait UIInterfaceOrientationLandscapeLeft UIInterfaceOrientationLandscapeRight";
				IPHONEOS_DEPLOYMENT_TARGET = 15.0;
				LD_RUNPATH_SEARCH_PATHS = (
					"$(inherited)",
					"@executable_path/Frameworks",
				);
				MARKETING_VERSION = 1.0;
				PRODUCT_BUNDLE_IDENTIFIER = com.adaltopicotti.CoreDataProject;
				PRODUCT_NAME = "$(TARGET_NAME)";
				SWIFT_EMIT_LOC_STRINGS = YES;
				SWIFT_VERSION = 5.0;
				TARGETED_DEVICE_FAMILY = "1,2";
			};
			name = Debug;
		};
		C856F6C729B6B19F00D1E7EF /* Release */ = {
			isa = XCBuildConfiguration;
			buildSettings = {
				ASSETCATALOG_COMPILER_APPICON_NAME = AppIcon;
				ASSETCATALOG_COMPILER_GLOBAL_ACCENT_COLOR_NAME = AccentColor;
				CODE_SIGN_STYLE = Automatic;
				CURRENT_PROJECT_VERSION = 1;
				DEVELOPMENT_ASSET_PATHS = "\"CoreDataProject/Preview Content\"";
				DEVELOPMENT_TEAM = CSWC9XBYFF;
				ENABLE_PREVIEWS = YES;
				GENERATE_INFOPLIST_FILE = YES;
				INFOPLIST_KEY_UIApplicationSceneManifest_Generation = YES;
				INFOPLIST_KEY_UIApplicationSupportsIndirectInputEvents = YES;
				INFOPLIST_KEY_UILaunchScreen_Generation = YES;
				INFOPLIST_KEY_UISupportedInterfaceOrientations_iPad = "UIInterfaceOrientationPortrait UIInterfaceOrientationPortraitUpsideDown UIInterfaceOrientationLandscapeLeft UIInterfaceOrientationLandscapeRight";
				INFOPLIST_KEY_UISupportedInterfaceOrientations_iPhone = "UIInterfaceOrientationPortrait UIInterfaceOrientationLandscapeLeft UIInterfaceOrientationLandscapeRight";
				IPHONEOS_DEPLOYMENT_TARGET = 15.0;
				LD_RUNPATH_SEARCH_PATHS = (
					"$(inherited)",
					"@executable_path/Frameworks",
				);
				MARKETING_VERSION = 1.0;
				PRODUCT_BUNDLE_IDENTIFIER = com.adaltopicotti.CoreDataProject;
				PRODUCT_NAME = "$(TARGET_NAME)";
				SWIFT_EMIT_LOC_STRINGS = YES;
				SWIFT_VERSION = 5.0;
				TARGETED_DEVICE_FAMILY = "1,2";
			};
			name = Release;
		};
/* End XCBuildConfiguration section */

/* Begin XCConfigurationList section */
		C856F6B229B6B19C00D1E7EF /* Build configuration list for PBXProject "CoreDataProject" */ = {
			isa = XCConfigurationList;
			buildConfigurations = (
				C856F6C329B6B19F00D1E7EF /* Debug */,
				C856F6C429B6B19F00D1E7EF /* Release */,
			);
			defaultConfigurationIsVisible = 0;
			defaultConfigurationName = Release;
		};
		C856F6C529B6B19F00D1E7EF /* Build configuration list for PBXNativeTarget "CoreDataProject" */ = {
			isa = XCConfigurationList;
			buildConfigurations = (
				C856F6C629B6B19F00D1E7EF /* Debug */,
				C856F6C729B6B19F00D1E7EF /* Release */,
			);
			defaultConfigurationIsVisible = 0;
			defaultConfigurationName = Release;
		};
/* End XCConfigurationList section */

/* Begin XCVersionGroup section */
		C856F6C829B6B25400D1E7EF /* CoreDataProject.xcdatamodeld */ = {
			isa = XCVersionGroup;
			children = (
				C856F6C929B6B25400D1E7EF /* CoreDataProject.xcdatamodel */,
			);
			currentVersion = C856F6C929B6B25400D1E7EF /* CoreDataProject.xcdatamodel */;
			path = CoreDataProject.xcdatamodeld;
			sourceTree = "<group>";
			versionGroupType = wrapper.xcdatamodel;
		};
/* End XCVersionGroup section */
	};
	rootObject = C856F6AF29B6B19C00D1E7EF /* Project object */;
}
